
Microsoft Visual Studio Solution File, Format Version 12.00
# Visual Studio 15
VisualStudioVersion = 15.0.27004.2005
MinimumVisualStudioVersion = 10.0.40219.1
Project("{FAE04EC0-301F-11D3-BF4B-00C04F79EFBC}") = "BarberWeb", "BarberWeb\BarberWeb.csproj", "{784DC4E6-28C4-42F2-BAE6-AF43DB65AE8D}"
EndProject
Project("{FAE04EC0-301F-11D3-BF4B-00C04F79EFBC}") = "BarberShopForms", "..\..\..\Desktop\Xml-master\BarberShopForms\BarberShopForms.csproj", "{1BE9CC08-A3F1-44B3-BD01-EC24F654B747}"
EndProject
Project("{00D1A9C2-B5F0-4AF3-8072-F6C62B433612}") = "ClientsDB", "ClientsDB\ClientsDB.sqlproj", "{07591907-27F5-4EAD-971F-39AC317B2996}"
EndProject
Project("{FAE04EC0-301F-11D3-BF4B-00C04F79EFBC}") = "BarberShop", "BarberShop\BarberShop.csproj", "{1E481100-12B8-4FB0-83FE-6A589A87273C}"
EndProject
Global
	GlobalSection(SolutionConfigurationPlatforms) = preSolution
		Debug|Any CPU = Debug|Any CPU
		Release|Any CPU = Release|Any CPU
	EndGlobalSection
	GlobalSection(ProjectConfigurationPlatforms) = postSolution
		{784DC4E6-28C4-42F2-BAE6-AF43DB65AE8D}.Debug|Any CPU.ActiveCfg = Debug|Any CPU
		{784DC4E6-28C4-42F2-BAE6-AF43DB65AE8D}.Debug|Any CPU.Build.0 = Debug|Any CPU
		{784DC4E6-28C4-42F2-BAE6-AF43DB65AE8D}.Release|Any CPU.ActiveCfg = Release|Any CPU
		{784DC4E6-28C4-42F2-BAE6-AF43DB65AE8D}.Release|Any CPU.Build.0 = Release|Any CPU
		{1BE9CC08-A3F1-44B3-BD01-EC24F654B747}.Debug|Any CPU.ActiveCfg = Debug|Any CPU
		{1BE9CC08-A3F1-44B3-BD01-EC24F654B747}.Debug|Any CPU.Build.0 = Debug|Any CPU
		{1BE9CC08-A3F1-44B3-BD01-EC24F654B747}.Release|Any CPU.ActiveCfg = Release|Any CPU
		{1BE9CC08-A3F1-44B3-BD01-EC24F654B747}.Release|Any CPU.Build.0 = Release|Any CPU
		{07591907-27F5-4EAD-971F-39AC317B2996}.Debug|Any CPU.ActiveCfg = Debug|Any CPU
		{07591907-27F5-4EAD-971F-39AC317B2996}.Debug|Any CPU.Build.0 = Debug|Any CPU
		{07591907-27F5-4EAD-971F-39AC317B2996}.Debug|Any CPU.Deploy.0 = Debug|Any CPU
		{07591907-27F5-4EAD-971F-39AC317B2996}.Release|Any CPU.ActiveCfg = Release|Any CPU
		{07591907-27F5-4EAD-971F-39AC317B2996}.Release|Any CPU.Build.0 = Release|Any CPU
		{07591907-27F5-4EAD-971F-39AC317B2996}.Release|Any CPU.Deploy.0 = Release|Any CPU
		{1E481100-12B8-4FB0-83FE-6A589A87273C}.Debug|Any CPU.ActiveCfg = Debug|Any CPU
		{1E481100-12B8-4FB0-83FE-6A589A87273C}.Debug|Any CPU.Build.0 = Debug|Any CPU
		{1E481100-12B8-4FB0-83FE-6A589A87273C}.Release|Any CPU.ActiveCfg = Release|Any CPU
		{1E481100-12B8-4FB0-83FE-6A589A87273C}.Release|Any CPU.Build.0 = Release|Any CPU
	EndGlobalSection
	GlobalSection(SolutionProperties) = preSolution
		HideSolutionNode = FALSE
	EndGlobalSection
	GlobalSection(ExtensibilityGlobals) = postSolution
		SolutionGuid = {B8EEB7FF-376C-4FE2-8678-C28592652A4A}
	EndGlobalSection
EndGlobal
